
Microsoft Visual Studio Solution File, Format Version 12.00
# Visual Studio 15
VisualStudioVersion = 15.0.28307.705
MinimumVisualStudioVersion = 10.0.40219.1
Project("{FAE04EC0-301F-11D3-BF4B-00C04F79EFBC}") = "GSS.UI.Layer", "GSS.UI.Layer.csproj", "{994D1A67-D39D-4F63-A988-85D0EF28F153}"
EndProject
Project("{FAE04EC0-301F-11D3-BF4B-00C04F79EFBC}") = "GSS.DataAccess.Layer", "..\..\GSS.DataAccess.Layer\GSS.DataAccess.Layer\GSS.DataAccess.Layer.csproj", "{C790F7D1-66D9-4CED-B090-660F9792EEA0}"
EndProject
Global
	GlobalSection(SolutionConfigurationPlatforms) = preSolution
		Debug|Any CPU = Debug|Any CPU
		Release|Any CPU = Release|Any CPU
	EndGlobalSection
	GlobalSection(ProjectConfigurationPlatforms) = postSolution
		{994D1A67-D39D-4F63-A988-85D0EF28F153}.Debug|Any CPU.ActiveCfg = Debug|Any CPU
		{994D1A67-D39D-4F63-A988-85D0EF28F153}.Debug|Any CPU.Build.0 = Debug|Any CPU
		{994D1A67-D39D-4F63-A988-85D0EF28F153}.Release|Any CPU.ActiveCfg = Release|Any CPU
		{994D1A67-D39D-4F63-A988-85D0EF28F153}.Release|Any CPU.Build.0 = Release|Any CPU
		{C790F7D1-66D9-4CED-B090-660F9792EEA0}.Debug|Any CPU.ActiveCfg = Debug|Any CPU
		{C790F7D1-66D9-4CED-B090-660F9792EEA0}.Debug|Any CPU.Build.0 = Debug|Any CPU
		{C790F7D1-66D9-4CED-B090-660F9792EEA0}.Release|Any CPU.ActiveCfg = Release|Any CPU
		{C790F7D1-66D9-4CED-B090-660F9792EEA0}.Release|Any CPU.Build.0 = Release|Any CPU
	EndGlobalSection
	GlobalSection(SolutionProperties) = preSolution
		HideSolutionNode = FALSE
	EndGlobalSection
	GlobalSection(ExtensibilityGlobals) = postSolution
		SolutionGuid = {E87E220D-38D1-427C-B99E-F18962464A4C}
	EndGlobalSection
EndGlobal
